Microsoft Visual Studio Solution File, Format Version 12.00
# Visual Studio Version 17
VisualStudioVersion = 17.5.2.0
MinimumVisualStudioVersion = 10.0.40219.1
Project("{2150E333-8FDC-42A3-9474-1A3956D46DE8}") = "src", "src", "{827E0CD3-B72D-47B6-A68D-7590B98EB39B}"
EndProject
Project("{FAE04EC0-301F-11D3-BF4B-00C04F79EFBC}") = "Servicio", "src\Servicio\Servicio.csproj", "{372EC18E-7F0F-A025-68BF-0CC9F20EE12C}"
EndProject
Project("{FAE04EC0-301F-11D3-BF4B-00C04F79EFBC}") = "UnitTest", "test\UnitTest\UnitTest.csproj", "{A335E711-4A1C-F73E-A99C-3D5019D6A1CB}"
EndProject
Global
	GlobalSection(SolutionConfigurationPlatforms) = preSolution
		Debug|Any CPU = Debug|Any CPU
		Release|Any CPU = Release|Any CPU
	EndGlobalSection
	GlobalSection(ProjectConfigurationPlatforms) = postSolution
		{372EC18E-7F0F-A025-68BF-0CC9F20EE12C}.Debug|Any CPU.ActiveCfg = Debug|Any CPU
		{372EC18E-7F0F-A025-68BF-0CC9F20EE12C}.Debug|Any CPU.Build.0 = Debug|Any CPU
		{372EC18E-7F0F-A025-68BF-0CC9F20EE12C}.Release|Any CPU.ActiveCfg = Release|Any CPU
		{372EC18E-7F0F-A025-68BF-0CC9F20EE12C}.Release|Any CPU.Build.0 = Release|Any CPU
		{A335E711-4A1C-F73E-A99C-3D5019D6A1CB}.Debug|Any CPU.ActiveCfg = Debug|Any CPU
		{A335E711-4A1C-F73E-A99C-3D5019D6A1CB}.Debug|Any CPU.Build.0 = Debug|Any CPU
		{A335E711-4A1C-F73E-A99C-3D5019D6A1CB}.Release|Any CPU.ActiveCfg = Release|Any CPU
		{A335E711-4A1C-F73E-A99C-3D5019D6A1CB}.Release|Any CPU.Build.0 = Release|Any CPU
	EndGlobalSection
	GlobalSection(SolutionProperties) = preSolution
		HideSolutionNode = FALSE
	EndGlobalSection
	GlobalSection(NestedProjects) = preSolution
		{372EC18E-7F0F-A025-68BF-0CC9F20EE12C} = {827E0CD3-B72D-47B6-A68D-7590B98EB39B}
	EndGlobalSection
	GlobalSection(ExtensibilityGlobals) = postSolution
		SolutionGuid = {F274B402-D8F2-415B-BC7F-20C95DC34DF4}
	EndGlobalSection
EndGlobal
